
Microsoft Visual Studio Solution File, Format Version 12.00
# Visual Studio Version 17
VisualStudioVersion = 17.7.34031.279
MinimumVisualStudioVersion = 10.0.40219.1
Project("{FAE04EC0-301F-11D3-BF4B-00C04F79EFBC}") = "WebApplication1", "WebApplication1\WebApplication1.csproj", "{36F522DA-A5F7-4D32-BF4C-2E5E8E3A4B12}"
EndProject
Global
	GlobalSection(SolutionConfigurationPlatforms) = preSolution
		Debug|Any CPU = Debug|Any CPU
		Release|Any CPU = Release|Any CPU
	EndGlobalSection
	GlobalSection(ProjectConfigurationPlatforms) = postSolution
		{36F522DA-A5F7-4D32-BF4C-2E5E8E3A4B12}.Debug|Any CPU.ActiveCfg = Debug|Any CPU
		{36F522DA-A5F7-4D32-BF4C-2E5E8E3A4B12}.Debug|Any CPU.Build.0 = Debug|Any CPU
		{36F522DA-A5F7-4D32-BF4C-2E5E8E3A4B12}.Release|Any CPU.ActiveCfg = Release|Any CPU
		{36F522DA-A5F7-4D32-BF4C-2E5E8E3A4B12}.Release|Any CPU.Build.0 = Release|Any CPU
	EndGlobalSection
	GlobalSection(SolutionProperties) = preSolution
		HideSolutionNode = FALSE
	EndGlobalSection
	GlobalSection(ExtensibilityGlobals) = postSolution
		SolutionGuid = {0BB5B359-6CC1-475A-81DC-2C9B9871D966}
	EndGlobalSection
EndGlobal
